
Microsoft Visual Studio Solution File, Format Version 12.00
# Visual Studio Version 16
VisualStudioVersion = 16.0.32228.343
MinimumVisualStudioVersion = 10.0.40219.1
Project("{FAE04EC0-301F-11D3-BF4B-00C04F79EFBC}") = "Launcher", "Launcher.csproj", "{9FEA4691-6072-44B4-B4BC-35074161B3F3}"
EndProject
Global
	GlobalSection(SolutionConfigurationPlatforms) = preSolution
		Debug|Any CPU = Debug|Any CPU
		Release|Any CPU = Release|Any CPU
		StableShipping|Any CPU = StableShipping|Any CPU
	EndGlobalSection
	GlobalSection(ProjectConfigurationPlatforms) = postSolution
		{9FEA4691-6072-44B4-B4BC-35074161B3F3}.Debug|Any CPU.ActiveCfg = Debug|Any CPU
		{9FEA4691-6072-44B4-B4BC-35074161B3F3}.Debug|Any CPU.Build.0 = Debug|Any CPU
		{9FEA4691-6072-44B4-B4BC-35074161B3F3}.Release|Any CPU.ActiveCfg = Release|Any CPU
		{9FEA4691-6072-44B4-B4BC-35074161B3F3}.Release|Any CPU.Build.0 = Release|Any CPU
		{9FEA4691-6072-44B4-B4BC-35074161B3F3}.StableShipping|Any CPU.ActiveCfg = StableShipping|Any CPU
		{9FEA4691-6072-44B4-B4BC-35074161B3F3}.StableShipping|Any CPU.Build.0 = StableShipping|Any CPU
	EndGlobalSection
	GlobalSection(SolutionProperties) = preSolution
		HideSolutionNode = FALSE
	EndGlobalSection
	GlobalSection(ExtensibilityGlobals) = postSolution
		SolutionGuid = {795D93FA-9FC0-4B84-AEFB-9364037D5AAE}
	EndGlobalSection
EndGlobal
